# THIS IS AN AUTOGENERATED FILE. DO NOT EDIT THIS FILE DIRECTLY.
# yarn lockfile v1


data-api-client@^1.1.0:
  version "1.1.0"
  resolved "https://registry.yarnpkg.com/data-api-client/-/data-api-client-1.1.0.tgz#7a7fef1a7655ddb0dfbb17fb08a0f1b76d3acf72"
  integrity sha512-ZO6i4g55afRYbDwpVuF3pa6KI0pNee5VcAGAIQRHhCFAJytFCwazzSQ3iwZU8ONcRumXoHDKTp/dyIQOub1ysg==
  dependencies:
    sqlstring "^2.3.1"

sqlstring@^2.3.1:
  version "2.3.2"
  resolved "https://registry.yarnpkg.com/sqlstring/-/sqlstring-2.3.2.tgz#cdae7169389a1375b18e885f2e60b3e460809514"
  integrity sha512-vF4ZbYdKS8OnoJAWBmMxCQDkiEBkGQYU7UZPtL8flbDRSNkhaXvRJ279ZtI6M+zDaQovVU4tuRgzK5fVhvFAhg==

uuid@^8.3.1:
  version "8.3.1"
  resolved "https://registry.yarnpkg.com/uuid/-/uuid-8.3.1.tgz#2ba2e6ca000da60fce5a196954ab241131e05a31"
  integrity sha512-FOmRr+FmWEIG8uhZv6C2bTgEVXsHk08kE7mPlrBbEe+c3r9pjceVPgupIfNIhc4yx55H69OXANrUaSuu9eInKg==
